
Microsoft Visual Studio Solution File, Format Version 12.00
# Visual Studio 14
VisualStudioVersion = 14.0.25123.0
MinimumVisualStudioVersion = 10.0.40219.1
Project("{8BC9CEB8-8B4A-11D0-8D11-00A0C91BC942}") = "pentago", "pentago\pentago.vcxproj", "{CD7EC582-3DE6-450D-8524-6AE4D5EC9493}"
EndProject
Project("{F088123C-0E9E-452A-89E6-6BA2F21D5CAC}") = "ModelingProject1", "ModelingProject1\ModelingProject1.modelproj", "{F990E5FE-6167-4438-AFE5-FF211A01BBCC}"
EndProject
Global
	GlobalSection(SolutionConfigurationPlatforms) = preSolution
		Debug|Any CPU = Debug|Any CPU
		Debug|x64 = Debug|x64
		Debug|x86 = Debug|x86
		Release|Any CPU = Release|Any CPU
		Release|x64 = Release|x64
		Release|x86 = Release|x86
	EndGlobalSection
	GlobalSection(ProjectConfigurationPlatforms) = postSolution
		{CD7EC582-3DE6-450D-8524-6AE4D5EC9493}.Debug|Any CPU.ActiveCfg = Debug|Win32
		{CD7EC582-3DE6-450D-8524-6AE4D5EC9493}.Debug|x64.ActiveCfg = Debug|x64
		{CD7EC582-3DE6-450D-8524-6AE4D5EC9493}.Debug|x64.Build.0 = Debug|x64
		{CD7EC582-3DE6-450D-8524-6AE4D5EC9493}.Debug|x86.ActiveCfg = Debug|Win32
		{CD7EC582-3DE6-450D-8524-6AE4D5EC9493}.Debug|x86.Build.0 = Debug|Win32
		{CD7EC582-3DE6-450D-8524-6AE4D5EC9493}.Release|Any CPU.ActiveCfg = Release|Win32
		{CD7EC582-3DE6-450D-8524-6AE4D5EC9493}.Release|x64.ActiveCfg = Release|x64
		{CD7EC582-3DE6-450D-8524-6AE4D5EC9493}.Release|x64.Build.0 = Release|x64
		{CD7EC582-3DE6-450D-8524-6AE4D5EC9493}.Release|x86.ActiveCfg = Release|Win32
		{CD7EC582-3DE6-450D-8524-6AE4D5EC9493}.Release|x86.Build.0 = Release|Win32
		{F990E5FE-6167-4438-AFE5-FF211A01BBCC}.Debug|Any CPU.ActiveCfg = Debug|Any CPU
		{F990E5FE-6167-4438-AFE5-FF211A01BBCC}.Debug|Any CPU.Build.0 = Debug|Any CPU
		{F990E5FE-6167-4438-AFE5-FF211A01BBCC}.Debug|x64.ActiveCfg = Debug|Any CPU
		{F990E5FE-6167-4438-AFE5-FF211A01BBCC}.Debug|x64.Build.0 = Debug|Any CPU
		{F990E5FE-6167-4438-AFE5-FF211A01BBCC}.Debug|x86.ActiveCfg = Debug|Any CPU
		{F990E5FE-6167-4438-AFE5-FF211A01BBCC}.Debug|x86.Build.0 = Debug|Any CPU
		{F990E5FE-6167-4438-AFE5-FF211A01BBCC}.Release|Any CPU.ActiveCfg = Release|Any CPU
		{F990E5FE-6167-4438-AFE5-FF211A01BBCC}.Release|Any CPU.Build.0 = Release|Any CPU
		{F990E5FE-6167-4438-AFE5-FF211A01BBCC}.Release|x64.ActiveCfg = Release|Any CPU
		{F990E5FE-6167-4438-AFE5-FF211A01BBCC}.Release|x64.Build.0 = Release|Any CPU
		{F990E5FE-6167-4438-AFE5-FF211A01BBCC}.Release|x86.ActiveCfg = Release|Any CPU
		{F990E5FE-6167-4438-AFE5-FF211A01BBCC}.Release|x86.Build.0 = Release|Any CPU
	EndGlobalSection
	GlobalSection(SolutionProperties) = preSolution
		HideSolutionNode = FALSE
	EndGlobalSection
EndGlobal
